
Microsoft Visual Studio Solution File, Format Version 12.00
# Visual Studio Version 17
VisualStudioVersion = 17.12.35527.113 d17.12
MinimumVisualStudioVersion = 10.0.40219.1
Project("{FAE04EC0-301F-11D3-BF4B-00C04F79EFBC}") = "Docker-intro-gh", "Docker-intro-gh.csproj", "{91E00F91-40A6-4DE0-9DC3-F2D0B45CC66A}"
EndProject
Global
	GlobalSection(SolutionConfigurationPlatforms) = preSolution
		Debug|Any CPU = Debug|Any CPU
		Release|Any CPU = Release|Any CPU
	EndGlobalSection
	GlobalSection(ProjectConfigurationPlatforms) = postSolution
		{91E00F91-40A6-4DE0-9DC3-F2D0B45CC66A}.Debug|Any CPU.ActiveCfg = Debug|Any CPU
		{91E00F91-40A6-4DE0-9DC3-F2D0B45CC66A}.Debug|Any CPU.Build.0 = Debug|Any CPU
		{91E00F91-40A6-4DE0-9DC3-F2D0B45CC66A}.Release|Any CPU.ActiveCfg = Release|Any CPU
		{91E00F91-40A6-4DE0-9DC3-F2D0B45CC66A}.Release|Any CPU.Build.0 = Release|Any CPU
	EndGlobalSection
	GlobalSection(SolutionProperties) = preSolution
		HideSolutionNode = FALSE
	EndGlobalSection
EndGlobal
